
Microsoft Visual Studio Solution File, Format Version 12.00
# Visual Studio 15
VisualStudioVersion = 15.0.28307.489
MinimumVisualStudioVersion = 10.0.40219.1
Project("{FAE04EC0-301F-11D3-BF4B-00C04F79EFBC}") = "WebSocket", "WebSocket\WebSocket.csproj", "{6DF904D5-FC31-4602-96C4-836F484187DE}"
EndProject
Project("{FAE04EC0-301F-11D3-BF4B-00C04F79EFBC}") = "Test", "Test\Test.csproj", "{AFDF22B9-1BE0-48B5-BE52-5A45E5537E78}"
EndProject
Global
	GlobalSection(SolutionConfigurationPlatforms) = preSolution
		Debug|Any CPU = Debug|Any CPU
		Release|Any CPU = Release|Any CPU
	EndGlobalSection
	GlobalSection(ProjectConfigurationPlatforms) = postSolution
		{6DF904D5-FC31-4602-96C4-836F484187DE}.Debug|Any CPU.ActiveCfg = Debug|Any CPU
		{6DF904D5-FC31-4602-96C4-836F484187DE}.Debug|Any CPU.Build.0 = Debug|Any CPU
		{6DF904D5-FC31-4602-96C4-836F484187DE}.Release|Any CPU.ActiveCfg = Release|Any CPU
		{6DF904D5-FC31-4602-96C4-836F484187DE}.Release|Any CPU.Build.0 = Release|Any CPU
		{AFDF22B9-1BE0-48B5-BE52-5A45E5537E78}.Debug|Any CPU.ActiveCfg = Debug|Any CPU
		{AFDF22B9-1BE0-48B5-BE52-5A45E5537E78}.Debug|Any CPU.Build.0 = Debug|Any CPU
		{AFDF22B9-1BE0-48B5-BE52-5A45E5537E78}.Release|Any CPU.ActiveCfg = Release|Any CPU
		{AFDF22B9-1BE0-48B5-BE52-5A45E5537E78}.Release|Any CPU.Build.0 = Release|Any CPU
	EndGlobalSection
	GlobalSection(SolutionProperties) = preSolution
		HideSolutionNode = FALSE
	EndGlobalSection
	GlobalSection(ExtensibilityGlobals) = postSolution
		SolutionGuid = {6E0B483B-9454-4226-A713-B1AFC1E40DCC}
	EndGlobalSection
EndGlobal
